{
    "version": 3,
    "terraform_version": "0.11.13",
    "serial": 8,
    "lineage": "895e6b0c-a037-0a3d-26f1-1eb0898f773b",
    "modules": [
        {
            "path": [
                "root"
            ],
            "outputs": {
                "cleanup_account_json": {
                    "sensitive": false,
                    "type": "string",
                    "value": "{\n  \"type\": \"service_account\",\n  \"project_id\": \"handlefy\",\n  \"private_key_id\": \"4571f93fe2750e9a11287a99d1819d917e64433d\",\n  \"private_key\": \"-----BEGIN PRIVATE KEY-----\\nMIIEvQIBADANBgkqhkiG9w0BAQEFAASCBKcwggSjAgEAAoIBAQC+j8uK5MbvVqvO\\nOtQlkajHZJ8YayB9A9e1JJuo3hePM6MxiMvNYfAGgNTg0cWQc5Wb8zRcGED6a7Bo\\n8G6uPbdPnQQj4t4zckAstSkiAxS1yZyFGSfVh8IrTcfxBV+9xyhOXebwQ6rVVyF0\\nfyDkdFu0cVRs0UsfZjIyxmmhmslz9U/owggEP569t+aFOULhs6KqwDySjEmbOTkm\\n0DdT4CBHPWJn1igCtNgIGvIJlB2Ns/N9QyJCQ/yHvOdPpvImmtwOfp4MXPx6hUnN\\nhiv5hXG1N8Y106jcCBe740hFlIChiAzOa4qShMjkga7ZO5kFTMbUzX2EbdF1xgmT\\nqARjCuFZAgMBAAECggEAHhvUh6yvspze8WtByMZ+bzQP9R48Awn/45BArfTwA6wf\\nfVHwDZKLXPkEaZngstBTE6cLdKpPs0wfkpJmknjlhUU5pGfnPs6u+Ba5md+jE+P3\\n1d8hzZmxIqwb9Wd+zJqdMjX2VAEFCsdFCHCWZFzu07r89rfiPDhRTHd6tNIi7ANQ\\noeDIvy2V2yIZcAQqX1RjlxWu+u5Zq+vuzqIOtK6qLDH3FpuMwWelhjIpCjjRW5T8\\nypYpRIHGxw1Sd1eB0zT+gG5gIqkn5TmumP3+4KlKF8FCQVC+vLvigmn83pw2N0zH\\nUKKYsrClgvUTJc0fcP/1kwU0xQPk69VPlPWndxDwRwKBgQD7VqUjuG8ne3mhxgaX\\nC7YHlVLEir+xykqkth3gBv14StBYXusaI1yflOWYPKkCBBjHvj+pEf+lr9xN7nHG\\nEEnPKPYfIfAa7dMOUFnutQMah/2jW9ctr6Vd/ZowhlV0yNghb7QrJgLgnt0PNg7X\\nFaPz72YTXNoKWdGU2Q4V/njmswKBgQDCGJT82uKKnYqV/9yjiIYPlx/pd85CYDXI\\nsbqkw15GB5r+8//THrQFn7rB1jOAh0DIk8VBAppZ1Ko/9SQeHQ/otFAvFcYJxKmZ\\nq4vYbpZWzgLV0EY6Um5SoCPrUV479OVfDMVTGtb088aQuXKNWQv6CW8/rOlIcd1n\\nc0IJE1u9wwKBgQD00aBIHBYBsm93Geo/ZQPpfRVDJxe0eaSdrluJZaWub8lj2wlM\\ny5ckRqgh0yyZLx5oKjPeXw7S+Gsyagne8OzEYlTjXG6B/Jix/6iqMR2V0VNJtWLz\\nOH1vAWEY1TEWcbC9WQ55XSw+WeBgObrY3VZ3fQDD6ZTlsjnIsGjdGaPwqwKBgG4Q\\nGHQl/u6RlWOnukr1gOfYT51JdanH+te6iNcjfhMB/w9x93CVaYoC4JlISN4qVD8p\\nJGLQAgzMflpUPU3iNwJDNXDtzOX/Ihlk4KEzXIcOvSbXuusZkTvDWXr4IhKntWWn\\nzUFp59jxX3jz4BRtGVCJBw+5knOlNeKSxjB1TMGXAoGAALRU8FhEqSghYwnG+uoY\\naOgPLzL7s0MgApot+YkNY82JEWv6f1t26SY05/lSP9kL0nfV2hbHCz4vakcX+4+U\\nVITejQqrp8jviX8bDxyERaTILEIFXOSW3KTZwexIv45hXyzfcjtSPfBdhgxozQo9\\n9qJbksK1mt8KjSqNWpE46OA=\\n-----END PRIVATE KEY-----\\n\",\n  \"client_email\": \"travis-ci-vm-cleanup@handlefy.iam.gserviceaccount.com\",\n  \"client_id\": \"104562597421662681983\",\n  \"auth_uri\": \"https://accounts.google.com/o/oauth2/auth\",\n  \"token_uri\": \"https://oauth2.googleapis.com/token\",\n  \"auth_provider_x509_cert_url\": \"https://www.googleapis.com/oauth2/v1/certs\",\n  \"client_x509_cert_url\": \"https://www.googleapis.com/robot/v1/metadata/x509/travis-ci-vm-cleanup%40handlefy.iam.gserviceaccount.com\"\n}\n"
                },
                "worker_account_json": {
                    "sensitive": false,
                    "type": "string",
                    "value": "{\n  \"type\": \"service_account\",\n  \"project_id\": \"handlefy\",\n  \"private_key_id\": \"52aaf074ee65351b83673eb457c8842796ddab1d\",\n  \"private_key\": \"-----BEGIN PRIVATE KEY-----\\nMIIEvQIBADANBgkqhkiG9w0BAQEFAASCBKcwggSjAgEAAoIBAQDU6yMe2IcRHFqW\\nNx1it1BCvjmfYn4cjSIoPAEy+cbC8HkJE5sS/7sZlHrV6rjkZIUOTWJ3dFY9Hina\\nGo+iUP1Uzl4p8dF9HSI7i6qWzhnV4bJAWyac+Tf6vSme0hThQGeszXvJGBT0bagj\\n2x5I1WAg35ksBbr6YfcuGfAz21EPF5rlngUQnuMqtk7q/A7DhO2ASPgONIBXjKJb\\n+3UWUUcCcPzKo0QjbvL+YOaoe56Rm1nUmqDQYEIhtYUg726x3iGhWvk2xywY5ksG\\nUtXCtM+jbSbTK7Z4DcQ2+Zj0BCLo8tARuQE8++fdObqrb2WUyXBgVDfulcFtB6J1\\nY6Y6OxYdAgMBAAECggEAJD1ocyfaJ3KqxX4YiZSXe+C6WJNQUUZBXdVGw/kpGEWL\\naFzWrH9sBmDUHoRu12r3jbVksN3TjuALMhUKxQ8ha1Wbx+phpHi4uqddUAFA+vtJ\\nFnSdSCMQIOShCKgLx0Ip00r/Sn1HlcnzUDULvMxaqgW84bYQ+uyBQK7ICF+INrfX\\ni3FqVshsdeXVOsfGvqLq47oBGLDT/3D44LVpsBDPU/caQ6SP04ptmAr1KHm7w0df\\n/A7YvyMvc1CtK3xaSuBIkGmd5IuZFmzlfGUi5cUjuHhRYxoaG8SGPz2dTDfzZHJY\\noS71PwkApxJramM1Qr3KgzbDyN8yZaoZdPBEGIBWQQKBgQDyvjg+N6keLHTHUEhm\\nLLQeas+2jCCz9d/xVsWohIMWF33iQLkmneR+Kwlz9kI1NYk8BdH68ahrB0A7lube\\nEtcYttya7LwYWDSiFfqV+ApDfGyYxC1ba2z3n+989VxMKVZMyB7oB4zbtpR3ztEM\\nmZT55Bb2JaUmaswctaI9hJSLQQKBgQDgi/EcQbEDCVhyrVqqBQ6uYIQziGy5igzA\\nlnKLRZ4gAkYl8eYK3G3OXABJG1k+SFBCNTCgdEXBI+wMI4tptc8otWIsUtsx6IYa\\nZXMH2/g0TDnYx4ifrxNgRCuzitJrd0j/HOHS+3fbHHLLclRDE6gls6DOyp8R51dR\\nVKekKqIf3QKBgAKzPPrsMZRlWDMzYGrKioJgG8ljC6YU0RXlKjOyraacQkk3ARg9\\n32HL5sIEdj4TR2CEjA5ni8ENBpjjF9RWj0/2EMQkZ/85U/SNnAj5Blwz0R1t6TdA\\nHakvfUF9lTY/q3cVLsrT8qwq/sHKaibiunaBJAQ+7PRdccHL/28Bv4lBAoGANNmb\\nMTxg7kcH003r9fJkxzQeSYbFmFHeuIFwikkjc4M1gX7S1yGUkqpiwtI2Cgu5ICwm\\nus1DEbdjumOvT30kOf+fELGbt75zucjA70uduqlqQBSOmo75b4H8CzEUX4je3HSu\\nzhqz1hV3C11oabU5sU36/lEAaZVanuDe6CvEpt0CgYEAlgaMQuk+AafnHfBayvpY\\nP01OMgCL44qMjPJK7lBZDkVjZYYFP1Slf3Ydm82heKxnmBTlX1v4q+VPwm9QpblH\\nEC6loQhcP1QA2B5r9i1wmwmGf0rscj8PqDf6NvvYtTnIwXfaoZRC+oEj6mIkNlnq\\nPu8N3egKQ33uKc8XKL2//Ok=\\n-----END PRIVATE KEY-----\\n\",\n  \"client_email\": \"travis-ci-worker@handlefy.iam.gserviceaccount.com\",\n  \"client_id\": \"110672983541243838912\",\n  \"auth_uri\": \"https://accounts.google.com/o/oauth2/auth\",\n  \"token_uri\": \"https://oauth2.googleapis.com/token\",\n  \"auth_provider_x509_cert_url\": \"https://www.googleapis.com/oauth2/v1/certs\",\n  \"client_x509_cert_url\": \"https://www.googleapis.com/robot/v1/metadata/x509/travis-ci-worker%40handlefy.iam.gserviceaccount.com\"\n}\n"
                },
                "worker_service_account_email": {
                    "sensitive": false,
                    "type": "string",
                    "value": "travis-ci-worker@handlefy.iam.gserviceaccount.com"
                }
            },
            "resources": {
                "google_project_iam_custom_role.cleanup": {
                    "type": "google_project_iam_custom_role",
                    "depends_on": [],
                    "primary": {
                        "id": "projects/handlefy/roles/cleanup",
                        "attributes": {
                            "deleted": "false",
                            "description": "A gcloud-cleanup process that can clean and archive stuff",
                            "id": "projects/handlefy/roles/cleanup",
                            "permissions.#": "27",
                            "permissions.105916519": "compute.zones.get",
                            "permissions.1062585026": "compute.images.get",
                            "permissions.1064600497": "compute.images.delete",
                            "permissions.109719409": "compute.instances.get",
                            "permissions.1189757186": "compute.disks.list",
                            "permissions.1509178129": "compute.images.list",
                            "permissions.1572255655": "compute.regions.list",
                            "permissions.1849026410": "compute.globalOperations.list",
                            "permissions.195364554": "compute.instances.list",
                            "permissions.1973014850": "container.clusters.get",
                            "permissions.1990319596": "compute.instances.detachDisk",
                            "permissions.2392497254": "compute.instances.reset",
                            "permissions.2623961473": "compute.instances.getSerialPortOutput",
                            "permissions.2801754436": "compute.regions.get",
                            "permissions.2907297529": "storage.objects.create",
                            "permissions.3286998491": "compute.disks.update",
                            "permissions.3656382390": "storage.objects.update",
                            "permissions.3997910303": "compute.disks.delete",
                            "permissions.4202688409": "compute.instances.deleteAccessConfig",
                            "permissions.4222402321": "compute.disks.get",
                            "permissions.4222562474": "container.apiServices.delete",
                            "permissions.4285622684": "compute.zones.list",
                            "permissions.524880259": "cloudtrace.traces.patch",
                            "permissions.649218345": "compute.globalOperations.get",
                            "permissions.678451681": "compute.instances.update",
                            "permissions.97550629": "compute.instances.delete",
                            "permissions.976623307": "compute.instances.stop",
                            "project": "handlefy",
                            "role_id": "cleanup",
                            "stage": "GA",
                            "title": "Travis CI VM Cleanup"
                        },
                        "meta": {},
                        "tainted": false
                    },
                    "deposed": [],
                    "provider": "provider.google"
                },
                "google_project_iam_custom_role.worker": {
                    "type": "google_project_iam_custom_role",
                    "depends_on": [],
                    "primary": {
                        "id": "projects/handlefy/roles/worker",
                        "attributes": {
                            "deleted": "false",
                            "description": "A travis-worker process that can do travis-worky stuff",
                            "id": "projects/handlefy/roles/worker",
                            "permissions.#": "96",
                            "permissions.100978400": "compute.addresses.use",
                            "permissions.1027192095": "compute.instances.getGuestAttributes",
                            "permissions.105916519": "compute.zones.get",
                            "permissions.109719409": "compute.instances.get",
                            "permissions.1161967987": "compute.diskTypes.get",
                            "permissions.1189757186": "compute.disks.list",
                            "permissions.1220378122": "compute.disks.resize",
                            "permissions.1255070935": "compute.disks.use",
                            "permissions.1329564271": "compute.subnetworks.useExternalIp",
                            "permissions.1464999732": "compute.instances.startWithEncryptionKey",
                            "permissions.1467364081": "compute.subnetworks.list",
                            "permissions.1509178129": "compute.images.list",
                            "permissions.1535683552": "compute.instances.updateShieldedVmConfig",
                            "permissions.1548579048": "container.pods.getStatus",
                            "permissions.1553384804": "compute.addresses.useInternal",
                            "permissions.1557559470": "compute.instances.create",
                            "permissions.1572255655": "compute.regions.list",
                            "permissions.1725173962": "compute.subnetworks.get",
                            "permissions.1740052499": "compute.addresses.deleteInternal",
                            "permissions.1745548587": "compute.networks.get",
                            "permissions.1807232126": "compute.instances.setLabels",
                            "permissions.1849026410": "compute.globalOperations.list",
                            "permissions.1901174099": "compute.instances.setTags",
                            "permissions.1920863231": "compute.instances.setShieldedVmIntegrityPolicy",
                            "permissions.195364554": "compute.instances.list",
                            "permissions.1973014850": "container.clusters.get",
                            "permissions.1990319596": "compute.instances.detachDisk",
                            "permissions.2069540914": "compute.addresses.createInternal",
                            "permissions.2104146816": "compute.instances.addAccessConfig",
                            "permissions.2155167482": "compute.networks.list",
                            "permissions.2316244053": "compute.disks.setLabels",
                            "permissions.2392497254": "compute.instances.reset",
                            "permissions.2502694064": "compute.addresses.create",
                            "permissions.2561700888": "compute.instances.setIamPolicy",
                            "permissions.258627523": "compute.zoneOperations.get",
                            "permissions.2592901984": "compute.disks.getIamPolicy",
                            "permissions.2623961473": "compute.instances.getSerialPortOutput",
                            "permissions.2721986356": "compute.acceleratorTypes.list",
                            "permissions.2783816539": "compute.machineTypes.get",
                            "permissions.2784144465": "container.pods.create",
                            "permissions.2801754436": "compute.regions.get",
                            "permissions.2845409509": "compute.instances.updateNetworkInterface",
                            "permissions.288037058": "container.pods.evict",
                            "permissions.2914770593": "compute.instances.listReferrers",
                            "permissions.2922789096": "compute.instances.removeMaintenancePolicies",
                            "permissions.2953445982": "compute.instances.osLogin",
                            "permissions.2992119149": "compute.instances.setMetadata",
                            "permissions.3020321826": "container.clusters.list",
                            "permissions.3041215977": "compute.projects.get",
                            "permissions.3075325076": "compute.disks.create",
                            "permissions.3076959526": "compute.addresses.get",
                            "permissions.3085454519": "compute.instances.use",
                            "permissions.3123089013": "compute.instances.setDiskAutoDelete",
                            "permissions.3286998491": "compute.disks.update",
                            "permissions.3291973573": "compute.instances.addMaintenancePolicies",
                            "permissions.3306605213": "compute.disks.createSnapshot",
                            "permissions.3332860461": "compute.instances.updateAccessConfig",
                            "permissions.3351370593": "compute.instanceGroups.get",
                            "permissions.3366702855": "compute.instances.setServiceAccount",
                            "permissions.336904875": "container.pods.getLogs",
                            "permissions.3425365307": "compute.addresses.delete",
                            "permissions.3457414629": "compute.images.useReadOnly",
                            "permissions.3483016056": "compute.instances.attachDisk",
                            "permissions.3502090392": "compute.machineTypes.list",
                            "permissions.3527554383": "container.pods.list",
                            "permissions.359869423": "container.pods.attach",
                            "permissions.3619058444": "compute.subnetworks.use",
                            "permissions.3647510253": "compute.networks.use",
                            "permissions.382950746": "compute.instanceGroups.list",
                            "permissions.3845534523": "compute.disks.useReadOnly",
                            "permissions.3857231856": "compute.diskTypes.list",
                            "permissions.3911228772": "compute.addresses.setLabels",
                            "permissions.3960387668": "compute.instances.getIamPolicy",
                            "permissions.3996272428": "compute.disks.setIamPolicy",
                            "permissions.3997910303": "compute.disks.delete",
                            "permissions.4202688409": "compute.instances.deleteAccessConfig",
                            "permissions.4215266064": "compute.instances.start",
                            "permissions.4222402321": "compute.disks.get",
                            "permissions.4243678865": "compute.instances.setMachineType",
                            "permissions.4243871194": "container.pods.delete",
                            "permissions.4263194143": "compute.addresses.list",
                            "permissions.4285622684": "compute.zones.list",
                            "permissions.46601409": "compute.instances.osAdminLogin",
                            "permissions.524880259": "cloudtrace.traces.patch",
                            "permissions.555057821": "compute.acceleratorTypes.get",
                            "permissions.627211090": "compute.instances.setMinCpuPlatform",
                            "permissions.649218345": "compute.globalOperations.get",
                            "permissions.678451681": "compute.instances.update",
                            "permissions.719273104": "container.pods.exec",
                            "permissions.784544786": "compute.zoneOperations.list",
                            "permissions.823113151": "compute.instances.setScheduling",
                            "permissions.835007807": "compute.instances.setMachineResources",
                            "permissions.937653912": "container.pods.get",
                            "permissions.948085316": "compute.instances.setDeletionProtection",
                            "permissions.97550629": "compute.instances.delete",
                            "permissions.976623307": "compute.instances.stop",
                            "project": "handlefy",
                            "role_id": "worker",
                            "stage": "GA",
                            "title": "Travis CI Workers"
                        },
                        "meta": {},
                        "tainted": false
                    },
                    "deposed": [],
                    "provider": "provider.google"
                },
                "google_project_iam_member.cleanup": {
                    "type": "google_project_iam_member",
                    "depends_on": [
                        "google_project_iam_custom_role.cleanup",
                        "google_service_account.cleanup"
                    ],
                    "primary": {
                        "id": "handlefy/projects/handlefy/roles/cleanup/serviceAccount:travis-ci-vm-cleanup@handlefy.iam.gserviceaccount.com",
                        "attributes": {
                            "etag": "BwWEZotDOcQ=",
                            "id": "handlefy/projects/handlefy/roles/cleanup/serviceAccount:travis-ci-vm-cleanup@handlefy.iam.gserviceaccount.com",
                            "member": "serviceAccount:travis-ci-vm-cleanup@handlefy.iam.gserviceaccount.com",
                            "project": "handlefy",
                            "role": "projects/handlefy/roles/cleanup"
                        },
                        "meta": {},
                        "tainted": false
                    },
                    "deposed": [],
                    "provider": "provider.google"
                },
                "google_project_iam_member.worker": {
                    "type": "google_project_iam_member",
                    "depends_on": [
                        "google_project_iam_custom_role.worker",
                        "google_service_account.worker"
                    ],
                    "primary": {
                        "id": "handlefy/projects/handlefy/roles/worker/serviceAccount:travis-ci-worker@handlefy.iam.gserviceaccount.com",
                        "attributes": {
                            "etag": "BwWEZotDOcQ=",
                            "id": "handlefy/projects/handlefy/roles/worker/serviceAccount:travis-ci-worker@handlefy.iam.gserviceaccount.com",
                            "member": "serviceAccount:travis-ci-worker@handlefy.iam.gserviceaccount.com",
                            "project": "handlefy",
                            "role": "projects/handlefy/roles/worker"
                        },
                        "meta": {},
                        "tainted": false
                    },
                    "deposed": [],
                    "provider": "provider.google"
                },
                "google_service_account.cleanup": {
                    "type": "google_service_account",
                    "depends_on": [],
                    "primary": {
                        "id": "projects/handlefy/serviceAccounts/travis-ci-vm-cleanup@handlefy.iam.gserviceaccount.com",
                        "attributes": {
                            "account_id": "travis-ci-vm-cleanup",
                            "display_name": "Travis CI VM Cleanup",
                            "email": "travis-ci-vm-cleanup@handlefy.iam.gserviceaccount.com",
                            "id": "projects/handlefy/serviceAccounts/travis-ci-vm-cleanup@handlefy.iam.gserviceaccount.com",
                            "name": "projects/handlefy/serviceAccounts/travis-ci-vm-cleanup@handlefy.iam.gserviceaccount.com",
                            "project": "handlefy",
                            "unique_id": "104562597421662681983"
                        },
                        "meta": {},
                        "tainted": false
                    },
                    "deposed": [],
                    "provider": "provider.google"
                },
                "google_service_account.worker": {
                    "type": "google_service_account",
                    "depends_on": [],
                    "primary": {
                        "id": "projects/handlefy/serviceAccounts/travis-ci-worker@handlefy.iam.gserviceaccount.com",
                        "attributes": {
                            "account_id": "travis-ci-worker",
                            "display_name": "Travis CI Workers",
                            "email": "travis-ci-worker@handlefy.iam.gserviceaccount.com",
                            "id": "projects/handlefy/serviceAccounts/travis-ci-worker@handlefy.iam.gserviceaccount.com",
                            "name": "projects/handlefy/serviceAccounts/travis-ci-worker@handlefy.iam.gserviceaccount.com",
                            "project": "handlefy",
                            "unique_id": "110672983541243838912"
                        },
                        "meta": {},
                        "tainted": false
                    },
                    "deposed": [],
                    "provider": "provider.google"
                },
                "google_service_account_key.cleanup": {
                    "type": "google_service_account_key",
                    "depends_on": [
                        "google_service_account.cleanup"
                    ],
                    "primary": {
                        "id": "projects/handlefy/serviceAccounts/travis-ci-vm-cleanup@handlefy.iam.gserviceaccount.com/keys/4571f93fe2750e9a11287a99d1819d917e64433d",
                        "attributes": {
                            "id": "projects/handlefy/serviceAccounts/travis-ci-vm-cleanup@handlefy.iam.gserviceaccount.com/keys/4571f93fe2750e9a11287a99d1819d917e64433d",
                            "key_algorithm": "KEY_ALG_RSA_2048",
                            "name": "projects/handlefy/serviceAccounts/travis-ci-vm-cleanup@handlefy.iam.gserviceaccount.com/keys/4571f93fe2750e9a11287a99d1819d917e64433d",
                            "private_key": "ewogICJ0eXBlIjogInNlcnZpY2VfYWNjb3VudCIsCiAgInByb2plY3RfaWQiOiAiaGFuZGxlZnkiLAogICJwcml2YXRlX2tleV9pZCI6ICI0NTcxZjkzZmUyNzUwZTlhMTEyODdhOTlkMTgxOWQ5MTdlNjQ0MzNkIiwKICAicHJpdmF0ZV9rZXkiOiAiLS0tLS1CRUdJTiBQUklWQVRFIEtFWS0tLS0tXG5NSUlFdlFJQkFEQU5CZ2txaGtpRzl3MEJBUUVGQUFTQ0JLY3dnZ1NqQWdFQUFvSUJBUUMrajh1SzVNYnZWcXZPXG5PdFFsa2FqSFpKOFlheUI5QTllMUpKdW8zaGVQTTZNeGlNdk5ZZkFHZ05UZzBjV1FjNVdiOHpSY0dFRDZhN0JvXG44RzZ1UGJkUG5RUWo0dDR6Y2tBc3RTa2lBeFMxeVp5RkdTZlZoOElyVGNmeEJWKzl4eWhPWGVid1E2clZWeUYwXG5meURrZEZ1MGNWUnMwVXNmWmpJeXhtbWhtc2x6OVUvb3dnZ0VQNTY5dCthRk9VTGhzNktxd0R5U2pFbWJPVGttXG4wRGRUNENCSFBXSm4xaWdDdE5nSUd2SUpsQjJOcy9OOVF5SkNRL3lIdk9kUHB2SW1tdHdPZnA0TVhQeDZoVW5OXG5oaXY1aFhHMU44WTEwNmpjQ0JlNzQwaEZsSUNoaUF6T2E0cVNoTWprZ2E3Wk81a0ZUTWJVelgyRWJkRjF4Z21UXG5xQVJqQ3VGWkFnTUJBQUVDZ2dFQUhodlVoNnl2c3B6ZThXdEJ5TVorYnpRUDlSNDhBd24vNDVCQXJmVHdBNndmXG5mVkh3RFpLTFhQa0VhWm5nc3RCVEU2Y0xkS3BQczB3ZmtwSm1rbmpsaFVVNXBHZm5QczZ1K0JhNW1kK2pFK1AzXG4xZDhoelpteElxd2I5V2QrekpxZE1qWDJWQUVGQ3NkRkNIQ1daRnp1MDdyODlyZmlQRGhSVEhkNnROSWk3QU5RXG5vZURJdnkyVjJ5SVpjQVFxWDFSamx4V3UrdTVacSt2dXpxSU90SzZxTERIM0ZwdU13V2VsaGpJcENqalJXNVQ4XG55cFlwUklIR3h3MVNkMWVCMHpUK2dHNWdJcWtuNVRtdW1QMys0S2xLRjhGQ1FWQyt2THZpZ21uODNwdzJOMHpIXG5VS0tZc3JDbGd2VVRKYzBmY1AvMWt3VTB4UVBrNjlWUGxQV25keER3UndLQmdRRDdWcVVqdUc4bmUzbWh4Z2FYXG5DN1lIbFZMRWlyK3h5a3FrdGgzZ0J2MTRTdEJZWHVzYUkxeWZsT1dZUEtrQ0JCakh2aitwRWYrbHI5eE43bkhHXG5FRW5QS1BZZklmQWE3ZE1PVUZudXRRTWFoLzJqVzljdHI2VmQvWm93aGxWMHlOZ2hiN1FySmdMZ250MFBOZzdYXG5GYVB6NzJZVFhOb0tXZEdVMlE0Vi9uam1zd0tCZ1FEQ0dKVDgydUtLbllxVi85eWppSVlQbHgvcGQ4NUNZRFhJXG5zYnFrdzE1R0I1cis4Ly9USHJRRm43ckIxak9BaDBESWs4VkJBcHBaMUtvLzlTUWVIUS9vdEZBdkZjWUp4S21aXG5xNHZZYnBaV3pnTFYwRVk2VW01U29DUHJVVjQ3OU9WZkRNVlRHdGIwODhhUXVYS05XUXY2Q1c4L3JPbEljZDFuXG5jMElKRTF1OXd3S0JnUUQwMGFCSUhCWUJzbTkzR2VvL1pRUHBmUlZESnhlMGVhU2RybHVKWmFXdWI4bGoyd2xNXG55NWNrUnFnaDB5eVpMeDVvS2pQZVh3N1MrR3N5YWduZThPekVZbFRqWEc2Qi9KaXgvNmlxTVIyVjBWTkp0V0x6XG5PSDF2QVdFWTFURVdjYkM5V1E1NVhTdytXZUJnT2JyWTNWWjNmUURENlpUbHNqbklzR2pkR2FQd3F3S0JnRzRRXG5HSFFsL3U2UmxXT251a3IxZ09mWVQ1MUpkYW5IK3RlNmlOY2pmaE1CL3c5eDkzQ1ZhWW9DNEpsSVNONHFWRDhwXG5KR0xRQWd6TWZscFVQVTNpTndKRE5YRHR6T1gvSWhsazRLRXpYSWNPdlNiWHV1c1prVHZEV1hyNEloS250V1duXG56VUZwNTlqeFgzano0QlJ0R1ZDSkJ3KzVrbk9sTmVLU3hqQjFUTUdYQW9HQUFMUlU4RmhFcVNnaFl3bkcrdW9ZXG5hT2dQTHpMN3MwTWdBcG90K1lrTlk4MkpFV3Y2ZjF0MjZTWTA1L2xTUDlrTDBuZlYyaGJIQ3o0dmFrY1grNCtVXG5WSVRlalFxcnA4anZpWDhiRHh5RVJhVElMRUlGWE9TVzNLVFp3ZXhJdjQ1aFh5emZjanRTUGZCZGhneG96UW85XG45cUpia3NLMW10OEtqU3FOV3BFNDZPQT1cbi0tLS0tRU5EIFBSSVZBVEUgS0VZLS0tLS1cbiIsCiAgImNsaWVudF9lbWFpbCI6ICJ0cmF2aXMtY2ktdm0tY2xlYW51cEBoYW5kbGVmeS5pYW0uZ3NlcnZpY2VhY2NvdW50LmNvbSIsCiAgImNsaWVudF9pZCI6ICIxMDQ1NjI1OTc0MjE2NjI2ODE5ODMiLAogICJhdXRoX3VyaSI6ICJodHRwczovL2FjY291bnRzLmdvb2dsZS5jb20vby9vYXV0aDIvYXV0aCIsCiAgInRva2VuX3VyaSI6ICJodHRwczovL29hdXRoMi5nb29nbGVhcGlzLmNvbS90b2tlbiIsCiAgImF1dGhfcHJvdmlkZXJfeDUwOV9jZXJ0X3VybCI6ICJodHRwczovL3d3dy5nb29nbGVhcGlzLmNvbS9vYXV0aDIvdjEvY2VydHMiLAogICJjbGllbnRfeDUwOV9jZXJ0X3VybCI6ICJodHRwczovL3d3dy5nb29nbGVhcGlzLmNvbS9yb2JvdC92MS9tZXRhZGF0YS94NTA5L3RyYXZpcy1jaS12bS1jbGVhbnVwJTQwaGFuZGxlZnkuaWFtLmdzZXJ2aWNlYWNjb3VudC5jb20iCn0K",
                            "private_key_type": "TYPE_GOOGLE_CREDENTIALS_FILE",
                            "public_key": "LS0tLS1CRUdJTiBDRVJUSUZJQ0FURS0tLS0tCk1JSUMrakNDQWVLZ0F3SUJBZ0lJQ08vOTlzNTltMlF3RFFZSktvWklodmNOQVFFRkJRQXdJREVlTUJ3R0ExVUUKQXhNVk1UQTBOVFl5TlRrM05ESXhOall5TmpneE9UZ3pNQjRYRFRFNU1ETXhPREl6TVRFeE9Wb1hEVEk1TURNeApOVEl6TVRFeE9Wb3dJREVlTUJ3R0ExVUVBeE1WTVRBME5UWXlOVGszTkRJeE5qWXlOamd4T1Rnek1JSUJJakFOCkJna3Foa2lHOXcwQkFRRUZBQU9DQVE4QU1JSUJDZ0tDQVFFQXZvL0xpdVRHNzFhcnpqclVKWkdveDJTZkdHc2cKZlFQWHRTU2JxTjRYanpPak1Zakx6V0h3Qm9EVTROSEZrSE9WbS9NMFhCaEErbXV3YVBCdXJqMjNUNTBFSStMZQpNM0pBTExVcElnTVV0Y21jaFJrbjFZZkNLMDNIOFFWZnZjY29UbDNtOEVPcTFWY2hkSDhnNUhSYnRIRlViTkZMCkgyWXlNc1pwb1pySmMvVlA2TUlJQkQrZXZiZm1oVGxDNGJPaXFzQThrb3hKbXprNUp0QTNVK0FnUnoxaVo5WW8KQXJUWUNCcnlDWlFkamJQemZVTWlRa1A4aDd6blQ2YnlKcHJjRG42ZURGejhlb1ZKellZcitZVnh0VGZHTmRPbwozQWdYdStOSVJaU0FvWWdNem11S2tvVEk1SUd1MlR1WkJVekcxTTE5aEczUmRjWUprNmdFWXdyaFdRSURBUUFCCm96Z3dOakFNQmdOVkhSTUJBZjhFQWpBQU1BNEdBMVVkRHdFQi93UUVBd0lIZ0RBV0JnTlZIU1VCQWY4RUREQUsKQmdnckJnRUZCUWNEQWpBTkJna3Foa2lHOXcwQkFRVUZBQU9DQVFFQVpnUWdweDVNNjdObHA3bGJhaTVZWEVFVApjdlBDNy9za3YyZkdvdlZuTW1NUjJrYTJVZFhKRC9vTVkyS1RvNVpCVVV1RW41SlpCMU02M0JpUUxvV1p3S3F1CmdFTWIrUVY2M2xJWE0wQWxLc3lVQVk0MytNalBveEFwUndhVzR3QVRoaTBpaWlZY3hCUU5vMSszeVRNK0tzN1cKT1haQzJIWC8zWVl6L1g2SHhEQ1FQdjFadU9YSkpNOFdMUTY3WDE4SHdrNzR2cVZmeUc0RDlSMG9nYXF2TUYvTgpDTmY5aktSRWFoclNubHZmWm9uV2tzbEs1SWRxMXBEVXdpejVZNHhSeGdIUnlzcTNEMm15bmtpQ21DTHdpOVlVCkhQdk04K29qdWVWRy9nQUQrTm51RFBiQTh5NjVGVEhYRGhUMzJtM1h4SFFNZmJiVUI5RmNIRWFKSDlNdzh3PT0KLS0tLS1FTkQgQ0VSVElGSUNBVEUtLS0tLQo=",
                            "public_key_type": "TYPE_X509_PEM_FILE",
                            "service_account_id": "projects/handlefy/serviceAccounts/travis-ci-vm-cleanup@handlefy.iam.gserviceaccount.com",
                            "valid_after": "2019-03-18T23:11:19Z",
                            "valid_before": "2029-03-15T23:11:19Z"
                        },
                        "meta": {},
                        "tainted": false
                    },
                    "deposed": [],
                    "provider": "provider.google"
                },
                "google_service_account_key.worker": {
                    "type": "google_service_account_key",
                    "depends_on": [
                        "google_service_account.worker"
                    ],
                    "primary": {
                        "id": "projects/handlefy/serviceAccounts/travis-ci-worker@handlefy.iam.gserviceaccount.com/keys/52aaf074ee65351b83673eb457c8842796ddab1d",
                        "attributes": {
                            "id": "projects/handlefy/serviceAccounts/travis-ci-worker@handlefy.iam.gserviceaccount.com/keys/52aaf074ee65351b83673eb457c8842796ddab1d",
                            "key_algorithm": "KEY_ALG_RSA_2048",
                            "name": "projects/handlefy/serviceAccounts/travis-ci-worker@handlefy.iam.gserviceaccount.com/keys/52aaf074ee65351b83673eb457c8842796ddab1d",
                            "private_key": "ewogICJ0eXBlIjogInNlcnZpY2VfYWNjb3VudCIsCiAgInByb2plY3RfaWQiOiAiaGFuZGxlZnkiLAogICJwcml2YXRlX2tleV9pZCI6ICI1MmFhZjA3NGVlNjUzNTFiODM2NzNlYjQ1N2M4ODQyNzk2ZGRhYjFkIiwKICAicHJpdmF0ZV9rZXkiOiAiLS0tLS1CRUdJTiBQUklWQVRFIEtFWS0tLS0tXG5NSUlFdlFJQkFEQU5CZ2txaGtpRzl3MEJBUUVGQUFTQ0JLY3dnZ1NqQWdFQUFvSUJBUURVNnlNZTJJY1JIRnFXXG5OeDFpdDFCQ3ZqbWZZbjRjalNJb1BBRXkrY2JDOEhrSkU1c1MvN3NabEhyVjZyamtaSVVPVFdKM2RGWTlIaW5hXG5HbytpVVAxVXpsNHA4ZEY5SFNJN2k2cVd6aG5WNGJKQVd5YWMrVGY2dlNtZTBoVGhRR2Vzelh2SkdCVDBiYWdqXG4yeDVJMVdBZzM1a3NCYnI2WWZjdUdmQXoyMUVQRjVybG5nVVFudU1xdGs3cS9BN0RoTzJBU1BnT05JQlhqS0piXG4rM1VXVVVjQ2NQektvMFFqYnZMK1lPYW9lNTZSbTFuVW1xRFFZRUlodFlVZzcyNngzaUdoV3ZrMnh5d1k1a3NHXG5VdFhDdE0ramJTYlRLN1o0RGNRMitaajBCQ0xvOHRBUnVRRTgrK2ZkT2JxcmIyV1V5WEJnVkRmdWxjRnRCNkoxXG5ZNlk2T3hZZEFnTUJBQUVDZ2dFQUpEMW9jeWZhSjNLcXhYNFlpWlNYZStDNldKTlFVVVpCWGRWR3cva3BHRVdMXG5hRnpXckg5c0JtRFVIb1J1MTJyM2piVmtzTjNUanVBTE1oVUt4UThoYTFXYngrcGhwSGk0dXFkZFVBRkErdnRKXG5GblNkU0NNUUlPU2hDS2dMeDBJcDAwci9TbjFIbGNuelVEVUx2TXhhcWdXODRiWVErdXlCUUs3SUNGK0lOcmZYXG5pM0ZxVnNoc2RlWFZPc2ZHdnFMcTQ3b0JHTERULzNENDRMVnBzQkRQVS9jYVE2U1AwNHB0bUFyMUtIbTd3MGRmXG4vQTdZdnlNdmMxQ3RLM3hhU3VCSWtHbWQ1SXVaRm16bGZHVWk1Y1VqdUhoUll4b2FHOFNHUHoyZFREZnpaSEpZXG5vUzcxUHdrQXB4SnJhbU0xUXIzS2d6YkR5Tjh5WmFvWmRQQkVHSUJXUVFLQmdRRHl2amcrTjZrZUxIVEhVRWhtXG5MTFFlYXMrMmpDQ3o5ZC94VnNXb2hJTVdGMzNpUUxrbW5lUitLd2x6OWtJMU5ZazhCZEg2OGFockIwQTdsdWJlXG5FdGNZdHR5YTdMd1lXRFNpRmZxVitBcERmR3lZeEMxYmEyejNuKzk4OVZ4TUtWWk15QjdvQjR6YnRwUjN6dEVNXG5tWlQ1NUJiMkphVW1hc3djdGFJOWhKU0xRUUtCZ1FEZ2kvRWNRYkVEQ1ZoeXJWcXFCUTZ1WUlRemlHeTVpZ3pBXG5sbktMUlo0Z0FrWWw4ZVlLM0czT1hBQkpHMWsrU0ZCQ05UQ2dkRVhCSSt3TUk0dHB0YzhvdFdJc1V0c3g2SVlhXG5aWE1IMi9nMFREbll4NGlmcnhOZ1JDdXppdEpyZDBqL0hPSFMrM2ZiSEhMTGNsUkRFNmdsczZET3lwOFI1MWRSXG5WS2VrS3FJZjNRS0JnQUt6UFByc01aUmxXRE16WUdyS2lvSmdHOGxqQzZZVTBSWGxLak95cmFhY1FrazNBUmc5XG4zMkhMNXNJRWRqNFRSMkNFakE1bmk4RU5CcGpqRjlSV2owLzJFTVFrWi84NVUvU05uQWo1Qmx3ejBSMXQ2VGRBXG5IYWt2ZlVGOWxUWS9xM2NWTHNyVDhxd3Evc0hLYWliaXVuYUJKQVErN1BSZGNjSEwvMjhCdjRsQkFvR0FOTm1iXG5NVHhnN2tjSDAwM3I5ZkpreHpRZVNZYkZtRkhldUlGd2lra2pjNE0xZ1g3UzF5R1VrcXBpd3RJMkNndTVJQ3dtXG51czFERWJkanVtT3ZUMzBrT2YrZkVMR2J0NzV6dWNqQTcwdWR1cWxxUUJTT21vNzViNEg4Q3pFVVg0amUzSFN1XG56aHF6MWhWM0MxMW9hYlU1c1UzNi9sRUFhWlZhbnVEZTZDdkVwdDBDZ1lFQWxnYU1RdWsrQWFmbkhmQmF5dnBZXG5QMDFPTWdDTDQ0cU1qUEpLN2xCWkRrVmpaWVlGUDFTbGYzWWRtODJoZUt4bm1CVGxYMXY0cStWUHdtOVFwYmxIXG5FQzZsb1FoY1AxUUEyQjVyOWkxd213bUdmMHJzY2o4UHFEZjZOdnZZdFRuSXdYZmFvWlJDK29FajZtSWtObG5xXG5QdThOM2VnS1EzM3VLYzhYS0wyLy9Paz1cbi0tLS0tRU5EIFBSSVZBVEUgS0VZLS0tLS1cbiIsCiAgImNsaWVudF9lbWFpbCI6ICJ0cmF2aXMtY2ktd29ya2VyQGhhbmRsZWZ5LmlhbS5nc2VydmljZWFjY291bnQuY29tIiwKICAiY2xpZW50X2lkIjogIjExMDY3Mjk4MzU0MTI0MzgzODkxMiIsCiAgImF1dGhfdXJpIjogImh0dHBzOi8vYWNjb3VudHMuZ29vZ2xlLmNvbS9vL29hdXRoMi9hdXRoIiwKICAidG9rZW5fdXJpIjogImh0dHBzOi8vb2F1dGgyLmdvb2dsZWFwaXMuY29tL3Rva2VuIiwKICAiYXV0aF9wcm92aWRlcl94NTA5X2NlcnRfdXJsIjogImh0dHBzOi8vd3d3Lmdvb2dsZWFwaXMuY29tL29hdXRoMi92MS9jZXJ0cyIsCiAgImNsaWVudF94NTA5X2NlcnRfdXJsIjogImh0dHBzOi8vd3d3Lmdvb2dsZWFwaXMuY29tL3JvYm90L3YxL21ldGFkYXRhL3g1MDkvdHJhdmlzLWNpLXdvcmtlciU0MGhhbmRsZWZ5LmlhbS5nc2VydmljZWFjY291bnQuY29tIgp9Cg==",
                            "private_key_type": "TYPE_GOOGLE_CREDENTIALS_FILE",
                            "public_key": "LS0tLS1CRUdJTiBDRVJUSUZJQ0FURS0tLS0tCk1JSUMrakNDQWVLZ0F3SUJBZ0lJUDZ4bVpsb3dtRjR3RFFZSktvWklodmNOQVFFRkJRQXdJREVlTUJ3R0ExVUUKQXhNVk1URXdOamN5T1Rnek5UUXhNalF6T0RNNE9URXlNQjRYRFRFNU1ETXhPREl6TVRFeU1Gb1hEVEk1TURNeApOVEl6TVRFeU1Gb3dJREVlTUJ3R0ExVUVBeE1WTVRFd05qY3lPVGd6TlRReE1qUXpPRE00T1RFeU1JSUJJakFOCkJna3Foa2lHOXcwQkFRRUZBQU9DQVE4QU1JSUJDZ0tDQVFFQTFPc2pIdGlIRVJ4YWxqY2RZcmRRUXI0NW4ySisKSEkwaUtEd0JNdm5Hd3ZCNUNST2JFdis3R1pSNjFlcTQ1R1NGRGsxaWQzUldQUjRwMmhxUG9sRDlWTTVlS2ZIUgpmUjBpTzR1cWxzNFoxZUd5UUZzbW5QazMrcjBwbnRJVTRVQm5yTTE3eVJnVTlHMm9JOXNlU05WZ0lOK1pMQVc2CittSDNMaG53TTl0UkR4ZWE1WjRGRUo3aktyWk82dndPdzRUdGdFajREalNBVjR5aVcvdDFGbEZIQW5EOHlxTkUKSTI3eS9tRG1xSHVla1p0WjFKcWcwR0JDSWJXRklPOXVzZDRob1ZyNU5zY3NHT1pMQmxMVndyVFBvMjBtMHl1MgplQTNFTnZtWTlBUWk2UExRRWJrQlBQdm4zVG02cTI5bGxNbHdZRlEzN3BYQmJRZWlkV09tT2pzV0hRSURBUUFCCm96Z3dOakFNQmdOVkhSTUJBZjhFQWpBQU1BNEdBMVVkRHdFQi93UUVBd0lIZ0RBV0JnTlZIU1VCQWY4RUREQUsKQmdnckJnRUZCUWNEQWpBTkJna3Foa2lHOXcwQkFRVUZBQU9DQVFFQWR6MjdxQ1VVU1V4YjNXekFXRUJSSzB6QwpFMGVDREhBMUhvZ2R6SmlzUnZsU3NvTjJxWGxnTFl5KzMreVpmVUNaTDUrWHR6ZSt4NUhRUnJBMXZYY3RjeUtCCjVlVWpFMVJ6VkdHU0pUMUI5N0ZITlpUcmFFbWxqdVJKYmIrZUxNcm5iZ0FMdFdGVjJZbklkNlpmUStPZ0NjOG0KcDRsdVBmaEVDb2FWMFRPUUd0V1VlSDVuQVBGSEIxUmNicWs2cTF3dEhveWN1UkJQWkxabFQ5Q0hSNTdsczBPdQpPU253eEROV0ZjaXNvbTQ3TG1TM1ROeGN2ZEhNaUI5NjJ1Y2d6b2NWRHRMNWRQSDIxdVJ6eUJZSjlKNGw5SHpKClIzeXVyT05CaDhlY2czQ3l3bUVQMjhLam9KNGpnUXR0TlkzNDhWYmdHNEM0bzdDcGF3UzN4a21JajZRdjFRPT0KLS0tLS1FTkQgQ0VSVElGSUNBVEUtLS0tLQo=",
                            "public_key_type": "TYPE_X509_PEM_FILE",
                            "service_account_id": "projects/handlefy/serviceAccounts/travis-ci-worker@handlefy.iam.gserviceaccount.com",
                            "valid_after": "2019-03-18T23:11:20Z",
                            "valid_before": "2029-03-15T23:11:20Z"
                        },
                        "meta": {},
                        "tainted": false
                    },
                    "deposed": [],
                    "provider": "provider.google"
                }
            },
            "depends_on": []
        }
    ]
}
